
Microsoft Visual Studio Solution File, Format Version 12.00
# Visual Studio Version 16
VisualStudioVersion = 16.0.30011.22
MinimumVisualStudioVersion = 10.0.40219.1
Project("{FAE04EC0-301F-11D3-BF4B-00C04F79EFBC}") = "MainCaptureRun", "MainCaptureRun\MainCaptureRun.csproj", "{003459E9-85FC-4BB0-B5BA-9CDB8825852C}"
EndProject
Project("{FAE04EC0-301F-11D3-BF4B-00C04F79EFBC}") = "Dynamic_Programming_Questions", "Dynamic_Programming_Questions\Dynamic_Programming_Questions.csproj", "{CD8A4A64-A666-41D1-A0F1-59034870B1FD}"
EndProject
Project("{FAE04EC0-301F-11D3-BF4B-00C04F79EFBC}") = "Random_Questions", "Random_Questions\Random_Questions.csproj", "{6813888A-0E2E-423A-B902-1C343852AB38}"
EndProject
Project("{FAE04EC0-301F-11D3-BF4B-00C04F79EFBC}") = "FrequentlyUsedAlgorithms", "FrequentlyUsedAlgorithms\FrequentlyUsedAlgorithms.csproj", "{04777684-7E8D-4E12-9A63-52FA62002A20}"
EndProject
Global
	GlobalSection(SolutionConfigurationPlatforms) = preSolution
		Debug|Any CPU = Debug|Any CPU
		Debug|x64 = Debug|x64
		Debug|x86 = Debug|x86
		Release|Any CPU = Release|Any CPU
		Release|x64 = Release|x64
		Release|x86 = Release|x86
	EndGlobalSection
	GlobalSection(ProjectConfigurationPlatforms) = postSolution
		{003459E9-85FC-4BB0-B5BA-9CDB8825852C}.Debug|Any CPU.ActiveCfg = Debug|Any CPU
		{003459E9-85FC-4BB0-B5BA-9CDB8825852C}.Debug|Any CPU.Build.0 = Debug|Any CPU
		{003459E9-85FC-4BB0-B5BA-9CDB8825852C}.Debug|x64.ActiveCfg = Debug|Any CPU
		{003459E9-85FC-4BB0-B5BA-9CDB8825852C}.Debug|x64.Build.0 = Debug|Any CPU
		{003459E9-85FC-4BB0-B5BA-9CDB8825852C}.Debug|x86.ActiveCfg = Debug|Any CPU
		{003459E9-85FC-4BB0-B5BA-9CDB8825852C}.Debug|x86.Build.0 = Debug|Any CPU
		{003459E9-85FC-4BB0-B5BA-9CDB8825852C}.Release|Any CPU.ActiveCfg = Release|Any CPU
		{003459E9-85FC-4BB0-B5BA-9CDB8825852C}.Release|Any CPU.Build.0 = Release|Any CPU
		{003459E9-85FC-4BB0-B5BA-9CDB8825852C}.Release|x64.ActiveCfg = Release|Any CPU
		{003459E9-85FC-4BB0-B5BA-9CDB8825852C}.Release|x64.Build.0 = Release|Any CPU
		{003459E9-85FC-4BB0-B5BA-9CDB8825852C}.Release|x86.ActiveCfg = Release|Any CPU
		{003459E9-85FC-4BB0-B5BA-9CDB8825852C}.Release|x86.Build.0 = Release|Any CPU
		{CD8A4A64-A666-41D1-A0F1-59034870B1FD}.Debug|Any CPU.ActiveCfg = Debug|Any CPU
		{CD8A4A64-A666-41D1-A0F1-59034870B1FD}.Debug|Any CPU.Build.0 = Debug|Any CPU
		{CD8A4A64-A666-41D1-A0F1-59034870B1FD}.Debug|x64.ActiveCfg = Debug|Any CPU
		{CD8A4A64-A666-41D1-A0F1-59034870B1FD}.Debug|x64.Build.0 = Debug|Any CPU
		{CD8A4A64-A666-41D1-A0F1-59034870B1FD}.Debug|x86.ActiveCfg = Debug|Any CPU
		{CD8A4A64-A666-41D1-A0F1-59034870B1FD}.Debug|x86.Build.0 = Debug|Any CPU
		{CD8A4A64-A666-41D1-A0F1-59034870B1FD}.Release|Any CPU.ActiveCfg = Release|Any CPU
		{CD8A4A64-A666-41D1-A0F1-59034870B1FD}.Release|Any CPU.Build.0 = Release|Any CPU
		{CD8A4A64-A666-41D1-A0F1-59034870B1FD}.Release|x64.ActiveCfg = Release|Any CPU
		{CD8A4A64-A666-41D1-A0F1-59034870B1FD}.Release|x64.Build.0 = Release|Any CPU
		{CD8A4A64-A666-41D1-A0F1-59034870B1FD}.Release|x86.ActiveCfg = Release|Any CPU
		{CD8A4A64-A666-41D1-A0F1-59034870B1FD}.Release|x86.Build.0 = Release|Any CPU
		{6813888A-0E2E-423A-B902-1C343852AB38}.Debug|Any CPU.ActiveCfg = Debug|Any CPU
		{6813888A-0E2E-423A-B902-1C343852AB38}.Debug|Any CPU.Build.0 = Debug|Any CPU
		{6813888A-0E2E-423A-B902-1C343852AB38}.Debug|x64.ActiveCfg = Debug|Any CPU
		{6813888A-0E2E-423A-B902-1C343852AB38}.Debug|x64.Build.0 = Debug|Any CPU
		{6813888A-0E2E-423A-B902-1C343852AB38}.Debug|x86.ActiveCfg = Debug|Any CPU
		{6813888A-0E2E-423A-B902-1C343852AB38}.Debug|x86.Build.0 = Debug|Any CPU
		{6813888A-0E2E-423A-B902-1C343852AB38}.Release|Any CPU.ActiveCfg = Release|Any CPU
		{6813888A-0E2E-423A-B902-1C343852AB38}.Release|Any CPU.Build.0 = Release|Any CPU
		{6813888A-0E2E-423A-B902-1C343852AB38}.Release|x64.ActiveCfg = Release|Any CPU
		{6813888A-0E2E-423A-B902-1C343852AB38}.Release|x64.Build.0 = Release|Any CPU
		{6813888A-0E2E-423A-B902-1C343852AB38}.Release|x86.ActiveCfg = Release|Any CPU
		{6813888A-0E2E-423A-B902-1C343852AB38}.Release|x86.Build.0 = Release|Any CPU
		{04777684-7E8D-4E12-9A63-52FA62002A20}.Debug|Any CPU.ActiveCfg = Debug|Any CPU
		{04777684-7E8D-4E12-9A63-52FA62002A20}.Debug|Any CPU.Build.0 = Debug|Any CPU
		{04777684-7E8D-4E12-9A63-52FA62002A20}.Debug|x64.ActiveCfg = Debug|Any CPU
		{04777684-7E8D-4E12-9A63-52FA62002A20}.Debug|x64.Build.0 = Debug|Any CPU
		{04777684-7E8D-4E12-9A63-52FA62002A20}.Debug|x86.ActiveCfg = Debug|Any CPU
		{04777684-7E8D-4E12-9A63-52FA62002A20}.Debug|x86.Build.0 = Debug|Any CPU
		{04777684-7E8D-4E12-9A63-52FA62002A20}.Release|Any CPU.ActiveCfg = Release|Any CPU
		{04777684-7E8D-4E12-9A63-52FA62002A20}.Release|Any CPU.Build.0 = Release|Any CPU
		{04777684-7E8D-4E12-9A63-52FA62002A20}.Release|x64.ActiveCfg = Release|Any CPU
		{04777684-7E8D-4E12-9A63-52FA62002A20}.Release|x64.Build.0 = Release|Any CPU
		{04777684-7E8D-4E12-9A63-52FA62002A20}.Release|x86.ActiveCfg = Release|Any CPU
		{04777684-7E8D-4E12-9A63-52FA62002A20}.Release|x86.Build.0 = Release|Any CPU
	EndGlobalSection
	GlobalSection(SolutionProperties) = preSolution
		HideSolutionNode = FALSE
	EndGlobalSection
	GlobalSection(ExtensibilityGlobals) = postSolution
		SolutionGuid = {F974252C-B35F-4FA7-8BBA-7060A2E4A752}
	EndGlobalSection
EndGlobal
